// !$*UTF8*$!
{
	archiveVersion = 1;
	classes = {
	};
	objectVersion = 54;
	objects = {

/* Begin PBXBuildFile section */
		0C80B921A6F3F58F76C31292 /* libPods-ChatWazobia.a in Frameworks */ = {isa = PBXBuildFile; fileRef = 5DCACB8F33CDC322A6C60F78 /* libPods-ChatWazobia.a */; };
		13B07FBF1A68108700A75B9A /* Images.xcassets in Resources */ = {isa = PBXBuildFile; fileRef = 13B07FB51A68108700A75B9A /* Images.xcassets */; };
		1A06C4A3BFB7420BB986A207 /* LufgaBlack.ttf in Resources */ = {isa = PBXBuildFile; fileRef = A898711E0704420097B12787 /* LufgaBlack.ttf */; };
		1A8E491AE8264492AED769F2 /* LufgaThinItalic.ttf in Resources */ = {isa = PBXBuildFile; fileRef = 9B8064A978EA44599006E877 /* LufgaThinItalic.ttf */; };
		21184FAEA8854F3F8C3067D2 /* LufgaExtraBold.ttf in Resources */ = {isa = PBXBuildFile; fileRef = 00E55061496E444A87DB790B /* LufgaExtraBold.ttf */; };
		29B03D46EE3245F3A17DEB1C /* LufgaSemiBold.ttf in Resources */ = {isa = PBXBuildFile; fileRef = 7E32E9222DE94B7EBD5E120D /* LufgaSemiBold.ttf */; };
		2ED8E81E55EF4FA0B8A433F6 /* LufgaRegular.ttf in Resources */ = {isa = PBXBuildFile; fileRef = C442116D0D2C40AEBB3A9387 /* LufgaRegular.ttf */; };
		38BEE1221A2DC8DE464FD900 /* PrivacyInfo.xcprivacy in Resources */ = {isa = PBXBuildFile; fileRef = 13B07FB81A68108700A75B9A /* PrivacyInfo.xcprivacy */; };
		64229D765B474A1493C86EEC /* LufgaLightItalic.ttf in Resources */ = {isa = PBXBuildFile; fileRef = 25FEA488B3924FDE8A4413E3 /* LufgaLightItalic.ttf */; };
		761780ED2CA45674006654EE /* AppDelegate.swift in Sources */ = {isa = PBXBuildFile; fileRef = 761780EC2CA45674006654EE /* AppDelegate.swift */; };
		81AB9BB82411601600AC10FF /* LaunchScreen.storyboard in Resources */ = {isa = PBXBuildFile; fileRef = 81AB9BB72411601600AC10FF /* LaunchScreen.storyboard */; };
		8DC5B1FD42164D168DFEB9F0 /* LufgaExtraBoldItalic.ttf in Resources */ = {isa = PBXBuildFile; fileRef = 6210E100290E4F5EAD2EBB39 /* LufgaExtraBoldItalic.ttf */; };
		946DCF73CEFF44AFAE0CA521 /* LufgaBoldItalic.ttf in Resources */ = {isa = PBXBuildFile; fileRef = 74E1DDDDFA154A36AF5B7155 /* LufgaBoldItalic.ttf */; };
		B0A619C0B6F14C9C9C017915 /* LufgaThin.ttf in Resources */ = {isa = PBXBuildFile; fileRef = D423FA77768247BCAA4638E5 /* LufgaThin.ttf */; };
		B310953C8C7348559FE7F38C /* LufgaLight.ttf in Resources */ = {isa = PBXBuildFile; fileRef = 989D50D6683E4E41B839AAE7 /* LufgaLight.ttf */; };
		B75AA935B08D4C67BE29C19D /* LufgaSemiBoldItalic.ttf in Resources */ = {isa = PBXBuildFile; fileRef = 32EFB0CADC7A40FF82AED60A /* LufgaSemiBoldItalic.ttf */; };
		BD957380E8FB4DBDA9CD0FAD /* LufgaItalic.ttf in Resources */ = {isa = PBXBuildFile; fileRef = C2E4B9CA43374134B8707CB4 /* LufgaItalic.ttf */; };
		C5897CFFDBBF4537B6EB37A1 /* LufgaExtraLightItalic.ttf in Resources */ = {isa = PBXBuildFile; fileRef = B724F26DD2C34861A2CCA094 /* LufgaExtraLightItalic.ttf */; };
		CD3FE6BD08574C80A8178A74 /* LufgaBlackItalic.ttf in Resources */ = {isa = PBXBuildFile; fileRef = 97F1D48A49D4464C89B48182 /* LufgaBlackItalic.ttf */; };
		DB9F9457C96A4FDFBF8B720C /* LufgaExtraLight.ttf in Resources */ = {isa = PBXBuildFile; fileRef = 4CEF4F09451946AEBBDE2F3A /* LufgaExtraLight.ttf */; };
		E6A7591F981746DC9D0B3AAF /* LufgaMedium.ttf in Resources */ = {isa = PBXBuildFile; fileRef = D14238A4AEC145C0A53C8642 /* LufgaMedium.ttf */; };
		EC0F2585E9064D408EF385DF /* LufgaBold.ttf in Resources */ = {isa = PBXBuildFile; fileRef = 9A8C6D674DBB4500B9B90E91 /* LufgaBold.ttf */; };
		F6958020AC1D48A5970A9E78 /* LufgaMediumItalic.ttf in Resources */ = {isa = PBXBuildFile; fileRef = 024447B86C9B4B6D97E2F949 /* LufgaMediumItalic.ttf */; };
/* End PBXBuildFile section */

/* Begin PBXFileReference section */
		00E55061496E444A87DB790B /* LufgaExtraBold.ttf */ = {isa = PBXFileReference; explicitFileType = undefined; fileEncoding = undefined; includeInIndex = 0; lastKnownFileType = unknown; name = LufgaExtraBold.ttf; path = ../assets/fonts/LufgaExtraBold.ttf; sourceTree = "<group>"; };
		024447B86C9B4B6D97E2F949 /* LufgaMediumItalic.ttf */ = {isa = PBXFileReference; explicitFileType = undefined; fileEncoding = undefined; includeInIndex = 0; lastKnownFileType = unknown; name = LufgaMediumItalic.ttf; path = ../assets/fonts/LufgaMediumItalic.ttf; sourceTree = "<group>"; };
		13B07F961A680F5B00A75B9A /* ChatWazobia.app */ = {isa = PBXFileReference; explicitFileType = wrapper.application; includeInIndex = 0; path = ChatWazobia.app; sourceTree = BUILT_PRODUCTS_DIR; };
		13B07FB51A68108700A75B9A /* Images.xcassets */ = {isa = PBXFileReference; lastKnownFileType = folder.assetcatalog; name = Images.xcassets; path = ChatWazobia/Images.xcassets; sourceTree = "<group>"; };
		13B07FB61A68108700A75B9A /* Info.plist */ = {isa = PBXFileReference; fileEncoding = 4; lastKnownFileType = text.plist.xml; name = Info.plist; path = ChatWazobia/Info.plist; sourceTree = "<group>"; };
		13B07FB81A68108700A75B9A /* PrivacyInfo.xcprivacy */ = {isa = PBXFileReference; fileEncoding = 4; lastKnownFileType = text.plist.xml; name = PrivacyInfo.xcprivacy; path = ChatWazobia/PrivacyInfo.xcprivacy; sourceTree = "<group>"; };
		25FEA488B3924FDE8A4413E3 /* LufgaLightItalic.ttf */ = {isa = PBXFileReference; explicitFileType = undefined; fileEncoding = undefined; includeInIndex = 0; lastKnownFileType = unknown; name = LufgaLightItalic.ttf; path = ../assets/fonts/LufgaLightItalic.ttf; sourceTree = "<group>"; };
		32EFB0CADC7A40FF82AED60A /* LufgaSemiBoldItalic.ttf */ = {isa = PBXFileReference; explicitFileType = undefined; fileEncoding = undefined; includeInIndex = 0; lastKnownFileType = unknown; name = LufgaSemiBoldItalic.ttf; path = ../assets/fonts/LufgaSemiBoldItalic.ttf; sourceTree = "<group>"; };
		3B4392A12AC88292D35C810B /* Pods-ChatWazobia.debug.xcconfig */ = {isa = PBXFileReference; includeInIndex = 1; lastKnownFileType = text.xcconfig; name = "Pods-ChatWazobia.debug.xcconfig"; path = "Target Support Files/Pods-ChatWazobia/Pods-ChatWazobia.debug.xcconfig"; sourceTree = "<group>"; };
		4CEF4F09451946AEBBDE2F3A /* LufgaExtraLight.ttf */ = {isa = PBXFileReference; explicitFileType = undefined; fileEncoding = undefined; includeInIndex = 0; lastKnownFileType = unknown; name = LufgaExtraLight.ttf; path = ../assets/fonts/LufgaExtraLight.ttf; sourceTree = "<group>"; };
		5709B34CF0A7D63546082F79 /* Pods-ChatWazobia.release.xcconfig */ = {isa = PBXFileReference; includeInIndex = 1; lastKnownFileType = text.xcconfig; name = "Pods-ChatWazobia.release.xcconfig"; path = "Target Support Files/Pods-ChatWazobia/Pods-ChatWazobia.release.xcconfig"; sourceTree = "<group>"; };
		5DCACB8F33CDC322A6C60F78 /* libPods-ChatWazobia.a */ = {isa = PBXFileReference; explicitFileType = archive.ar; includeInIndex = 0; path = "libPods-ChatWazobia.a"; sourceTree = BUILT_PRODUCTS_DIR; };
		6210E100290E4F5EAD2EBB39 /* LufgaExtraBoldItalic.ttf */ = {isa = PBXFileReference; explicitFileType = undefined; fileEncoding = undefined; includeInIndex = 0; lastKnownFileType = unknown; name = LufgaExtraBoldItalic.ttf; path = ../assets/fonts/LufgaExtraBoldItalic.ttf; sourceTree = "<group>"; };
		74E1DDDDFA154A36AF5B7155 /* LufgaBoldItalic.ttf */ = {isa = PBXFileReference; explicitFileType = undefined; fileEncoding = undefined; includeInIndex = 0; lastKnownFileType = unknown; name = LufgaBoldItalic.ttf; path = ../assets/fonts/LufgaBoldItalic.ttf; sourceTree = "<group>"; };
		761780EC2CA45674006654EE /* AppDelegate.swift */ = {isa = PBXFileReference; lastKnownFileType = sourcecode.swift; name = AppDelegate.swift; path = ChatWazobia/AppDelegate.swift; sourceTree = "<group>"; };
		7E32E9222DE94B7EBD5E120D /* LufgaSemiBold.ttf */ = {isa = PBXFileReference; explicitFileType = undefined; fileEncoding = undefined; includeInIndex = 0; lastKnownFileType = unknown; name = LufgaSemiBold.ttf; path = ../assets/fonts/LufgaSemiBold.ttf; sourceTree = "<group>"; };
		81AB9BB72411601600AC10FF /* LaunchScreen.storyboard */ = {isa = PBXFileReference; fileEncoding = 4; lastKnownFileType = file.storyboard; name = LaunchScreen.storyboard; path = ChatWazobia/LaunchScreen.storyboard; sourceTree = "<group>"; };
		97F1D48A49D4464C89B48182 /* LufgaBlackItalic.ttf */ = {isa = PBXFileReference; explicitFileType = undefined; fileEncoding = undefined; includeInIndex = 0; lastKnownFileType = unknown; name = LufgaBlackItalic.ttf; path = ../assets/fonts/LufgaBlackItalic.ttf; sourceTree = "<group>"; };
		989D50D6683E4E41B839AAE7 /* LufgaLight.ttf */ = {isa = PBXFileReference; explicitFileType = undefined; fileEncoding = undefined; includeInIndex = 0; lastKnownFileType = unknown; name = LufgaLight.ttf; path = ../assets/fonts/LufgaLight.ttf; sourceTree = "<group>"; };
		9A8C6D674DBB4500B9B90E91 /* LufgaBold.ttf */ = {isa = PBXFileReference; explicitFileType = undefined; fileEncoding = undefined; includeInIndex = 0; lastKnownFileType = unknown; name = LufgaBold.ttf; path = ../assets/fonts/LufgaBold.ttf; sourceTree = "<group>"; };
		9B8064A978EA44599006E877 /* LufgaThinItalic.ttf */ = {isa = PBXFileReference; explicitFileType = undefined; fileEncoding = undefined; includeInIndex = 0; lastKnownFileType = unknown; name = LufgaThinItalic.ttf; path = ../assets/fonts/LufgaThinItalic.ttf; sourceTree = "<group>"; };
		A898711E0704420097B12787 /* LufgaBlack.ttf */ = {isa = PBXFileReference; explicitFileType = undefined; fileEncoding = undefined; includeInIndex = 0; lastKnownFileType = unknown; name = LufgaBlack.ttf; path = ../assets/fonts/LufgaBlack.ttf; sourceTree = "<group>"; };
		B724F26DD2C34861A2CCA094 /* LufgaExtraLightItalic.ttf */ = {isa = PBXFileReference; explicitFileType = undefined; fileEncoding = undefined; includeInIndex = 0; lastKnownFileType = unknown; name = LufgaExtraLightItalic.ttf; path = ../assets/fonts/LufgaExtraLightItalic.ttf; sourceTree = "<group>"; };
		C2E4B9CA43374134B8707CB4 /* LufgaItalic.ttf */ = {isa = PBXFileReference; explicitFileType = undefined; fileEncoding = undefined; includeInIndex = 0; lastKnownFileType = unknown; name = LufgaItalic.ttf; path = ../assets/fonts/LufgaItalic.ttf; sourceTree = "<group>"; };
		C442116D0D2C40AEBB3A9387 /* LufgaRegular.ttf */ = {isa = PBXFileReference; explicitFileType = undefined; fileEncoding = undefined; includeInIndex = 0; lastKnownFileType = unknown; name = LufgaRegular.ttf; path = ../assets/fonts/LufgaRegular.ttf; sourceTree = "<group>"; };
		D14238A4AEC145C0A53C8642 /* LufgaMedium.ttf */ = {isa = PBXFileReference; explicitFileType = undefined; fileEncoding = undefined; includeInIndex = 0; lastKnownFileType = unknown; name = LufgaMedium.ttf; path = ../assets/fonts/LufgaMedium.ttf; sourceTree = "<group>"; };
		D423FA77768247BCAA4638E5 /* LufgaThin.ttf */ = {isa = PBXFileReference; explicitFileType = undefined; fileEncoding = undefined; includeInIndex = 0; lastKnownFileType = unknown; name = LufgaThin.ttf; path = ../assets/fonts/LufgaThin.ttf; sourceTree = "<group>"; };
		ED297162215061F000B7C4FE /* JavaScriptCore.framework */ = {isa = PBXFileReference; lastKnownFileType = wrapper.framework; name = JavaScriptCore.framework; path = System/Library/Frameworks/JavaScriptCore.framework; sourceTree = SDKROOT; };
/* End PBXFileReference section */

/* Begin PBXFrameworksBuildPhase section */
		13B07F8C1A680F5B00A75B9A /* Frameworks */ = {
			isa = PBXFrameworksBuildPhase;
			buildActionMask = 2147483647;
			files = (
				0C80B921A6F3F58F76C31292 /* libPods-ChatWazobia.a in Frameworks */,
			);
			runOnlyForDeploymentPostprocessing = 0;
		};
/* End PBXFrameworksBuildPhase section */

/* Begin PBXGroup section */
		13B07FAE1A68108700A75B9A /* ChatWazobia */ = {
			isa = PBXGroup;
			children = (
				13B07FB51A68108700A75B9A /* Images.xcassets */,
				761780EC2CA45674006654EE /* AppDelegate.swift */,
				13B07FB61A68108700A75B9A /* Info.plist */,
				81AB9BB72411601600AC10FF /* LaunchScreen.storyboard */,
				13B07FB81A68108700A75B9A /* PrivacyInfo.xcprivacy */,
			);
			name = ChatWazobia;
			sourceTree = "<group>";
		};
		2D16E6871FA4F8E400B85C8A /* Frameworks */ = {
			isa = PBXGroup;
			children = (
				ED297162215061F000B7C4FE /* JavaScriptCore.framework */,
				5DCACB8F33CDC322A6C60F78 /* libPods-ChatWazobia.a */,
			);
			name = Frameworks;
			sourceTree = "<group>";
		};
		832341AE1AAA6A7D00B99B32 /* Libraries */ = {
			isa = PBXGroup;
			children = (
			);
			name = Libraries;
			sourceTree = "<group>";
		};
		83CBB9F61A601CBA00E9B192 = {
			isa = PBXGroup;
			children = (
				13B07FAE1A68108700A75B9A /* ChatWazobia */,
				832341AE1AAA6A7D00B99B32 /* Libraries */,
				83CBBA001A601CBA00E9B192 /* Products */,
				2D16E6871FA4F8E400B85C8A /* Frameworks */,
				BBD78D7AC51CEA395F1C20DB /* Pods */,
				9618A64F730C4FAEB52892B9 /* Resources */,
			);
			indentWidth = 2;
			sourceTree = "<group>";
			tabWidth = 2;
			usesTabs = 0;
		};
		83CBBA001A601CBA00E9B192 /* Products */ = {
			isa = PBXGroup;
			children = (
				13B07F961A680F5B00A75B9A /* ChatWazobia.app */,
			);
			name = Products;
			sourceTree = "<group>";
		};
		9618A64F730C4FAEB52892B9 /* Resources */ = {
			isa = PBXGroup;
			children = (
				A898711E0704420097B12787 /* LufgaBlack.ttf */,
				97F1D48A49D4464C89B48182 /* LufgaBlackItalic.ttf */,
				9A8C6D674DBB4500B9B90E91 /* LufgaBold.ttf */,
				74E1DDDDFA154A36AF5B7155 /* LufgaBoldItalic.ttf */,
				00E55061496E444A87DB790B /* LufgaExtraBold.ttf */,
				6210E100290E4F5EAD2EBB39 /* LufgaExtraBoldItalic.ttf */,
				4CEF4F09451946AEBBDE2F3A /* LufgaExtraLight.ttf */,
				B724F26DD2C34861A2CCA094 /* LufgaExtraLightItalic.ttf */,
				C2E4B9CA43374134B8707CB4 /* LufgaItalic.ttf */,
				989D50D6683E4E41B839AAE7 /* LufgaLight.ttf */,
				25FEA488B3924FDE8A4413E3 /* LufgaLightItalic.ttf */,
				D14238A4AEC145C0A53C8642 /* LufgaMedium.ttf */,
				024447B86C9B4B6D97E2F949 /* LufgaMediumItalic.ttf */,
				C442116D0D2C40AEBB3A9387 /* LufgaRegular.ttf */,
				7E32E9222DE94B7EBD5E120D /* LufgaSemiBold.ttf */,
				32EFB0CADC7A40FF82AED60A /* LufgaSemiBoldItalic.ttf */,
				D423FA77768247BCAA4638E5 /* LufgaThin.ttf */,
				9B8064A978EA44599006E877 /* LufgaThinItalic.ttf */,
			);
			name = Resources;
			path = "";
			sourceTree = "<group>";
		};
		BBD78D7AC51CEA395F1C20DB /* Pods */ = {
			isa = PBXGroup;
			children = (
				3B4392A12AC88292D35C810B /* Pods-ChatWazobia.debug.xcconfig */,
				5709B34CF0A7D63546082F79 /* Pods-ChatWazobia.release.xcconfig */,
			);
			path = Pods;
			sourceTree = "<group>";
		};
/* End PBXGroup section */

/* Begin PBXNativeTarget section */
		13B07F861A680F5B00A75B9A /* ChatWazobia */ = {
			isa = PBXNativeTarget;
			buildConfigurationList = 13B07F931A680F5B00A75B9A /* Build configuration list for PBXNativeTarget "ChatWazobia" */;
			buildPhases = (
				C38B50BA6285516D6DCD4F65 /* [CP] Check Pods Manifest.lock */,
				13B07F871A680F5B00A75B9A /* Sources */,
				13B07F8C1A680F5B00A75B9A /* Frameworks */,
				13B07F8E1A680F5B00A75B9A /* Resources */,
				00DD1BFF1BD5951E006B06BC /* Bundle React Native code and images */,
				00EEFC60759A1932668264C0 /* [CP] Embed Pods Frameworks */,
				E235C05ADACE081382539298 /* [CP] Copy Pods Resources */,
			);
			buildRules = (
			);
			dependencies = (
			);
			name = ChatWazobia;
			productName = ChatWazobia;
			productReference = 13B07F961A680F5B00A75B9A /* ChatWazobia.app */;
			productType = "com.apple.product-type.application";
		};
/* End PBXNativeTarget section */

/* Begin PBXProject section */
		83CBB9F71A601CBA00E9B192 /* Project object */ = {
			isa = PBXProject;
			attributes = {
				LastUpgradeCheck = 1210;
				TargetAttributes = {
					13B07F861A680F5B00A75B9A = {
						LastSwiftMigration = 1120;
					};
				};
			};
			buildConfigurationList = 83CBB9FA1A601CBA00E9B192 /* Build configuration list for PBXProject "ChatWazobia" */;
			compatibilityVersion = "Xcode 12.0";
			developmentRegion = en;
			hasScannedForEncodings = 0;
			knownRegions = (
				en,
				Base,
			);
			mainGroup = 83CBB9F61A601CBA00E9B192;
			productRefGroup = 83CBBA001A601CBA00E9B192 /* Products */;
			projectDirPath = "";
			projectRoot = "";
			targets = (
				13B07F861A680F5B00A75B9A /* ChatWazobia */,
			);
		};
/* End PBXProject section */

/* Begin PBXResourcesBuildPhase section */
		13B07F8E1A680F5B00A75B9A /* Resources */ = {
			isa = PBXResourcesBuildPhase;
			buildActionMask = 2147483647;
			files = (
				81AB9BB82411601600AC10FF /* LaunchScreen.storyboard in Resources */,
				13B07FBF1A68108700A75B9A /* Images.xcassets in Resources */,
				38BEE1221A2DC8DE464FD900 /* PrivacyInfo.xcprivacy in Resources */,
				1A06C4A3BFB7420BB986A207 /* LufgaBlack.ttf in Resources */,
				CD3FE6BD08574C80A8178A74 /* LufgaBlackItalic.ttf in Resources */,
				EC0F2585E9064D408EF385DF /* LufgaBold.ttf in Resources */,
				946DCF73CEFF44AFAE0CA521 /* LufgaBoldItalic.ttf in Resources */,
				21184FAEA8854F3F8C3067D2 /* LufgaExtraBold.ttf in Resources */,
				8DC5B1FD42164D168DFEB9F0 /* LufgaExtraBoldItalic.ttf in Resources */,
				DB9F9457C96A4FDFBF8B720C /* LufgaExtraLight.ttf in Resources */,
				C5897CFFDBBF4537B6EB37A1 /* LufgaExtraLightItalic.ttf in Resources */,
				BD957380E8FB4DBDA9CD0FAD /* LufgaItalic.ttf in Resources */,
				B310953C8C7348559FE7F38C /* LufgaLight.ttf in Resources */,
				64229D765B474A1493C86EEC /* LufgaLightItalic.ttf in Resources */,
				E6A7591F981746DC9D0B3AAF /* LufgaMedium.ttf in Resources */,
				F6958020AC1D48A5970A9E78 /* LufgaMediumItalic.ttf in Resources */,
				2ED8E81E55EF4FA0B8A433F6 /* LufgaRegular.ttf in Resources */,
				29B03D46EE3245F3A17DEB1C /* LufgaSemiBold.ttf in Resources */,
				B75AA935B08D4C67BE29C19D /* LufgaSemiBoldItalic.ttf in Resources */,
				B0A619C0B6F14C9C9C017915 /* LufgaThin.ttf in Resources */,
				1A8E491AE8264492AED769F2 /* LufgaThinItalic.ttf in Resources */,
			);
			runOnlyForDeploymentPostprocessing = 0;
		};
/* End PBXResourcesBuildPhase section */

/* Begin PBXShellScriptBuildPhase section */
		00DD1BFF1BD5951E006B06BC /* Bundle React Native code and images */ = {
			isa = PBXShellScriptBuildPhase;
			buildActionMask = 2147483647;
			files = (
			);
			inputPaths = (
				"$(SRCROOT)/.xcode.env.local",
				"$(SRCROOT)/.xcode.env",
			);
			name = "Bundle React Native code and images";
			outputPaths = (
			);
			runOnlyForDeploymentPostprocessing = 0;
			shellPath = /bin/sh;
			shellScript = "set -e\n\nWITH_ENVIRONMENT=\"$REACT_NATIVE_PATH/scripts/xcode/with-environment.sh\"\nREACT_NATIVE_XCODE=\"$REACT_NATIVE_PATH/scripts/react-native-xcode.sh\"\n\n/bin/sh -c \"$WITH_ENVIRONMENT $REACT_NATIVE_XCODE\"\n";
		};
		00EEFC60759A1932668264C0 /* [CP] Embed Pods Frameworks */ = {
			isa = PBXShellScriptBuildPhase;
			buildActionMask = 2147483647;
			files = (
			);
			inputFileListPaths = (
				"${PODS_ROOT}/Target Support Files/Pods-ChatWazobia/Pods-ChatWazobia-frameworks-${CONFIGURATION}-input-files.xcfilelist",
			);
			name = "[CP] Embed Pods Frameworks";
			outputFileListPaths = (
				"${PODS_ROOT}/Target Support Files/Pods-ChatWazobia/Pods-ChatWazobia-frameworks-${CONFIGURATION}-output-files.xcfilelist",
			);
			runOnlyForDeploymentPostprocessing = 0;
			shellPath = /bin/sh;
			shellScript = "\"${PODS_ROOT}/Target Support Files/Pods-ChatWazobia/Pods-ChatWazobia-frameworks.sh\"\n";
			showEnvVarsInLog = 0;
		};
		C38B50BA6285516D6DCD4F65 /* [CP] Check Pods Manifest.lock */ = {
			isa = PBXShellScriptBuildPhase;
			buildActionMask = 2147483647;
			files = (
			);
			inputFileListPaths = (
			);
			inputPaths = (
				"${PODS_PODFILE_DIR_PATH}/Podfile.lock",
				"${PODS_ROOT}/Manifest.lock",
			);
			name = "[CP] Check Pods Manifest.lock";
			outputFileListPaths = (
			);
			outputPaths = (
				"$(DERIVED_FILE_DIR)/Pods-ChatWazobia-checkManifestLockResult.txt",
			);
			runOnlyForDeploymentPostprocessing = 0;
			shellPath = /bin/sh;
			shellScript = "diff \"${PODS_PODFILE_DIR_PATH}/Podfile.lock\" \"${PODS_ROOT}/Manifest.lock\" > /dev/null\nif [ $? != 0 ] ; then\n    # print error to STDERR\n    echo \"error: The sandbox is not in sync with the Podfile.lock. Run 'pod install' or update your CocoaPods installation.\" >&2\n    exit 1\nfi\n# This output is used by Xcode 'outputs' to avoid re-running this script phase.\necho \"SUCCESS\" > \"${SCRIPT_OUTPUT_FILE_0}\"\n";
			showEnvVarsInLog = 0;
		};
		E235C05ADACE081382539298 /* [CP] Copy Pods Resources */ = {
			isa = PBXShellScriptBuildPhase;
			buildActionMask = 2147483647;
			files = (
			);
			inputFileListPaths = (
				"${PODS_ROOT}/Target Support Files/Pods-ChatWazobia/Pods-ChatWazobia-resources-${CONFIGURATION}-input-files.xcfilelist",
			);
			name = "[CP] Copy Pods Resources";
			outputFileListPaths = (
				"${PODS_ROOT}/Target Support Files/Pods-ChatWazobia/Pods-ChatWazobia-resources-${CONFIGURATION}-output-files.xcfilelist",
			);
			runOnlyForDeploymentPostprocessing = 0;
			shellPath = /bin/sh;
			shellScript = "\"${PODS_ROOT}/Target Support Files/Pods-ChatWazobia/Pods-ChatWazobia-resources.sh\"\n";
			showEnvVarsInLog = 0;
		};
/* End PBXShellScriptBuildPhase section */

/* Begin PBXSourcesBuildPhase section */
		13B07F871A680F5B00A75B9A /* Sources */ = {
			isa = PBXSourcesBuildPhase;
			buildActionMask = 2147483647;
			files = (
				761780ED2CA45674006654EE /* AppDelegate.swift in Sources */,
			);
			runOnlyForDeploymentPostprocessing = 0;
		};
/* End PBXSourcesBuildPhase section */

/* Begin XCBuildConfiguration section */
		13B07F941A680F5B00A75B9A /* Debug */ = {
			isa = XCBuildConfiguration;
			baseConfigurationReference = 3B4392A12AC88292D35C810B /* Pods-ChatWazobia.debug.xcconfig */;
			buildSettings = {
				ASSETCATALOG_COMPILER_APPICON_NAME = AppIcon;
				CLANG_ENABLE_MODULES = YES;
				CURRENT_PROJECT_VERSION = 1;
				ENABLE_BITCODE = NO;
				INFOPLIST_FILE = ChatWazobia/Info.plist;
				IPHONEOS_DEPLOYMENT_TARGET = 15.1;
				LD_RUNPATH_SEARCH_PATHS = (
					"$(inherited)",
					"@executable_path/Frameworks",
				);
				MARKETING_VERSION = 1.0;
				OTHER_LDFLAGS = (
					"$(inherited)",
					"-ObjC",
					"-lc++",
				);
				PRODUCT_BUNDLE_IDENTIFIER = "org.reactjs.native.example.$(PRODUCT_NAME:rfc1034identifier)";
				PRODUCT_NAME = ChatWazobia;
				SWIFT_OPTIMIZATION_LEVEL = "-Onone";
				SWIFT_VERSION = 5.0;
				VERSIONING_SYSTEM = "apple-generic";
			};
			name = Debug;
		};
		13B07F951A680F5B00A75B9A /* Release */ = {
			isa = XCBuildConfiguration;
			baseConfigurationReference = 5709B34CF0A7D63546082F79 /* Pods-ChatWazobia.release.xcconfig */;
			buildSettings = {
				ASSETCATALOG_COMPILER_APPICON_NAME = AppIcon;
				CLANG_ENABLE_MODULES = YES;
				CURRENT_PROJECT_VERSION = 1;
				INFOPLIST_FILE = ChatWazobia/Info.plist;
				IPHONEOS_DEPLOYMENT_TARGET = 15.1;
				LD_RUNPATH_SEARCH_PATHS = (
					"$(inherited)",
					"@executable_path/Frameworks",
				);
				MARKETING_VERSION = 1.0;
				OTHER_LDFLAGS = (
					"$(inherited)",
					"-ObjC",
					"-lc++",
				);
				PRODUCT_BUNDLE_IDENTIFIER = "org.reactjs.native.example.$(PRODUCT_NAME:rfc1034identifier)";
				PRODUCT_NAME = ChatWazobia;
				SWIFT_VERSION = 5.0;
				VERSIONING_SYSTEM = "apple-generic";
			};
			name = Release;
		};
		83CBBA201A601CBA00E9B192 /* Debug */ = {
			isa = XCBuildConfiguration;
			buildSettings = {
				ALWAYS_SEARCH_USER_PATHS = NO;
				CLANG_ANALYZER_LOCALIZABILITY_NONLOCALIZED = YES;
				CLANG_CXX_LANGUAGE_STANDARD = "c++20";
				CLANG_CXX_LIBRARY = "libc++";
				CLANG_ENABLE_MODULES = YES;
				CLANG_ENABLE_OBJC_ARC = YES;
				CLANG_WARN_BLOCK_CAPTURE_AUTORELEASING = YES;
				CLANG_WARN_BOOL_CONVERSION = YES;
				CLANG_WARN_COMMA = YES;
				CLANG_WARN_CONSTANT_CONVERSION = YES;
				CLANG_WARN_DEPRECATED_OBJC_IMPLEMENTATIONS = YES;
				CLANG_WARN_DIRECT_OBJC_ISA_USAGE = YES_ERROR;
				CLANG_WARN_EMPTY_BODY = YES;
				CLANG_WARN_ENUM_CONVERSION = YES;
				CLANG_WARN_INFINITE_RECURSION = YES;
				CLANG_WARN_INT_CONVERSION = YES;
				CLANG_WARN_NON_LITERAL_NULL_CONVERSION = YES;
				CLANG_WARN_OBJC_IMPLICIT_RETAIN_SELF = YES;
				CLANG_WARN_OBJC_LITERAL_CONVERSION = YES;
				CLANG_WARN_OBJC_ROOT_CLASS = YES_ERROR;
				CLANG_WARN_QUOTED_INCLUDE_IN_FRAMEWORK_HEADER = YES;
				CLANG_WARN_RANGE_LOOP_ANALYSIS = YES;
				CLANG_WARN_STRICT_PROTOTYPES = YES;
				CLANG_WARN_SUSPICIOUS_MOVE = YES;
				CLANG_WARN_UNREACHABLE_CODE = YES;
				CLANG_WARN__DUPLICATE_METHOD_MATCH = YES;
				"CODE_SIGN_IDENTITY[sdk=iphoneos*]" = "iPhone Developer";
				COPY_PHASE_STRIP = NO;
				ENABLE_STRICT_OBJC_MSGSEND = YES;
				ENABLE_TESTABILITY = YES;
				"EXCLUDED_ARCHS[sdk=iphonesimulator*]" = "";
				GCC_C_LANGUAGE_STANDARD = gnu99;
				GCC_DYNAMIC_NO_PIC = NO;
				GCC_NO_COMMON_BLOCKS = YES;
				GCC_OPTIMIZATION_LEVEL = 0;
				GCC_PREPROCESSOR_DEFINITIONS = (
					"DEBUG=1",
					"$(inherited)",
				);
				GCC_SYMBOLS_PRIVATE_EXTERN = NO;
				GCC_WARN_64_TO_32_BIT_CONVERSION = YES;
				GCC_WARN_ABOUT_RETURN_TYPE = YES_ERROR;
				GCC_WARN_UNDECLARED_SELECTOR = YES;
				GCC_WARN_UNINITIALIZED_AUTOS = YES_AGGRESSIVE;
				GCC_WARN_UNUSED_FUNCTION = YES;
				GCC_WARN_UNUSED_VARIABLE = YES;
				IPHONEOS_DEPLOYMENT_TARGET = 15.1;
				LD_RUNPATH_SEARCH_PATHS = (
					/usr/lib/swift,
					"$(inherited)",
				);
				LIBRARY_SEARCH_PATHS = (
					"\"$(SDKROOT)/usr/lib/swift\"",
					"\"$(TOOLCHAIN_DIR)/usr/lib/swift/$(PLATFORM_NAME)\"",
					"\"$(inherited)\"",
				);
				MTL_ENABLE_DEBUG_INFO = YES;
				ONLY_ACTIVE_ARCH = YES;
				OTHER_CPLUSPLUSFLAGS = (
					"$(OTHER_CFLAGS)",
					"-DFOLLY_NO_CONFIG",
					"-DFOLLY_MOBILE=1",
					"-DFOLLY_USE_LIBCPP=1",
					"-DFOLLY_CFG_NO_COROUTINES=1",
					"-DFOLLY_HAVE_CLOCK_GETTIME=1",
				);
				OTHER_LDFLAGS = (
					"$(inherited)",
					" ",
				);
				REACT_NATIVE_PATH = "${PODS_ROOT}/../../node_modules/react-native";
				SDKROOT = iphoneos;
				SWIFT_ACTIVE_COMPILATION_CONDITIONS = "$(inherited) DEBUG";
				USE_HERMES = true;
			};
			name = Debug;
		};
		83CBBA211A601CBA00E9B192 /* Release */ = {
			isa = XCBuildConfiguration;
			buildSettings = {
				ALWAYS_SEARCH_USER_PATHS = NO;
				CLANG_ANALYZER_LOCALIZABILITY_NONLOCALIZED = YES;
				CLANG_CXX_LANGUAGE_STANDARD = "c++20";
				CLANG_CXX_LIBRARY = "libc++";
				CLANG_ENABLE_MODULES = YES;
				CLANG_ENABLE_OBJC_ARC = YES;
				CLANG_WARN_BLOCK_CAPTURE_AUTORELEASING = YES;
				CLANG_WARN_BOOL_CONVERSION = YES;
				CLANG_WARN_COMMA = YES;
				CLANG_WARN_CONSTANT_CONVERSION = YES;
				CLANG_WARN_DEPRECATED_OBJC_IMPLEMENTATIONS = YES;
				CLANG_WARN_DIRECT_OBJC_ISA_USAGE = YES_ERROR;
				CLANG_WARN_EMPTY_BODY = YES;
				CLANG_WARN_ENUM_CONVERSION = YES;
				CLANG_WARN_INFINITE_RECURSION = YES;
				CLANG_WARN_INT_CONVERSION = YES;
				CLANG_WARN_NON_LITERAL_NULL_CONVERSION = YES;
				CLANG_WARN_OBJC_IMPLICIT_RETAIN_SELF = YES;
				CLANG_WARN_OBJC_LITERAL_CONVERSION = YES;
				CLANG_WARN_OBJC_ROOT_CLASS = YES_ERROR;
				CLANG_WARN_QUOTED_INCLUDE_IN_FRAMEWORK_HEADER = YES;
				CLANG_WARN_RANGE_LOOP_ANALYSIS = YES;
				CLANG_WARN_STRICT_PROTOTYPES = YES;
				CLANG_WARN_SUSPICIOUS_MOVE = YES;
				CLANG_WARN_UNREACHABLE_CODE = YES;
				CLANG_WARN__DUPLICATE_METHOD_MATCH = YES;
				"CODE_SIGN_IDENTITY[sdk=iphoneos*]" = "iPhone Developer";
				COPY_PHASE_STRIP = YES;
				ENABLE_NS_ASSERTIONS = NO;
				ENABLE_STRICT_OBJC_MSGSEND = YES;
				"EXCLUDED_ARCHS[sdk=iphonesimulator*]" = "";
				GCC_C_LANGUAGE_STANDARD = gnu99;
				GCC_NO_COMMON_BLOCKS = YES;
				GCC_WARN_64_TO_32_BIT_CONVERSION = YES;
				GCC_WARN_ABOUT_RETURN_TYPE = YES_ERROR;
				GCC_WARN_UNDECLARED_SELECTOR = YES;
				GCC_WARN_UNINITIALIZED_AUTOS = YES_AGGRESSIVE;
				GCC_WARN_UNUSED_FUNCTION = YES;
				GCC_WARN_UNUSED_VARIABLE = YES;
				IPHONEOS_DEPLOYMENT_TARGET = 15.1;
				LD_RUNPATH_SEARCH_PATHS = (
					/usr/lib/swift,
					"$(inherited)",
				);
				LIBRARY_SEARCH_PATHS = (
					"\"$(SDKROOT)/usr/lib/swift\"",
					"\"$(TOOLCHAIN_DIR)/usr/lib/swift/$(PLATFORM_NAME)\"",
					"\"$(inherited)\"",
				);
				MTL_ENABLE_DEBUG_INFO = NO;
				OTHER_CPLUSPLUSFLAGS = (
					"$(OTHER_CFLAGS)",
					"-DFOLLY_NO_CONFIG",
					"-DFOLLY_MOBILE=1",
					"-DFOLLY_USE_LIBCPP=1",
					"-DFOLLY_CFG_NO_COROUTINES=1",
					"-DFOLLY_HAVE_CLOCK_GETTIME=1",
				);
				OTHER_LDFLAGS = (
					"$(inherited)",
					" ",
				);
				REACT_NATIVE_PATH = "${PODS_ROOT}/../../node_modules/react-native";
				SDKROOT = iphoneos;
				USE_HERMES = true;
				VALIDATE_PRODUCT = YES;
			};
			name = Release;
		};
/* End XCBuildConfiguration section */

/* Begin XCConfigurationList section */
		13B07F931A680F5B00A75B9A /* Build configuration list for PBXNativeTarget "ChatWazobia" */ = {
			isa = XCConfigurationList;
			buildConfigurations = (
				13B07F941A680F5B00A75B9A /* Debug */,
				13B07F951A680F5B00A75B9A /* Release */,
			);
			defaultConfigurationIsVisible = 0;
			defaultConfigurationName = Release;
		};
		83CBB9FA1A601CBA00E9B192 /* Build configuration list for PBXProject "ChatWazobia" */ = {
			isa = XCConfigurationList;
			buildConfigurations = (
				83CBBA201A601CBA00E9B192 /* Debug */,
				83CBBA211A601CBA00E9B192 /* Release */,
			);
			defaultConfigurationIsVisible = 0;
			defaultConfigurationName = Release;
		};
/* End XCConfigurationList section */
	};
	rootObject = 83CBB9F71A601CBA00E9B192 /* Project object */;
}
